
Microsoft Visual Studio Solution File, Format Version 11.00
# Visual Studio 2010
Project("{FAE04EC0-301F-11D3-BF4B-00C04F79EFBC}") = "PreSharp", "PreSharp.csproj", "{47E85B57-70FE-49DC-8807-22BED8A999DB}"
EndProject
Project("{FAE04EC0-301F-11D3-BF4B-00C04F79EFBC}") = "PreSharp32", "..\PreSharp32\PreSharp32.csproj", "{DCC73800-80EF-4A46-B2B2-E9131383DC8F}"
EndProject
Global
	GlobalSection(SolutionConfigurationPlatforms) = preSolution
		Debug|Any CPU = Debug|Any CPU
		Release|Any CPU = Release|Any CPU
	EndGlobalSection
	GlobalSection(ProjectConfigurationPlatforms) = postSolution
		{47E85B57-70FE-49DC-8807-22BED8A999DB}.Debug|Any CPU.ActiveCfg = Debug|Any CPU
		{47E85B57-70FE-49DC-8807-22BED8A999DB}.Debug|Any CPU.Build.0 = Debug|Any CPU
		{47E85B57-70FE-49DC-8807-22BED8A999DB}.Release|Any CPU.ActiveCfg = Release|Any CPU
		{47E85B57-70FE-49DC-8807-22BED8A999DB}.Release|Any CPU.Build.0 = Release|Any CPU
		{DCC73800-80EF-4A46-B2B2-E9131383DC8F}.Debug|Any CPU.ActiveCfg = Debug|Any CPU
		{DCC73800-80EF-4A46-B2B2-E9131383DC8F}.Debug|Any CPU.Build.0 = Debug|Any CPU
		{DCC73800-80EF-4A46-B2B2-E9131383DC8F}.Release|Any CPU.ActiveCfg = Release|Any CPU
		{DCC73800-80EF-4A46-B2B2-E9131383DC8F}.Release|Any CPU.Build.0 = Release|Any CPU
	EndGlobalSection
	GlobalSection(SolutionProperties) = preSolution
		HideSolutionNode = FALSE
	EndGlobalSection
EndGlobal
